// !$*UTF8*$!
{
	archiveVersion = 1;
	classes = {
	};
	objectVersion = 46;
	objects = {

/* Begin PBXBuildFile section */
		E20C81C71E03911B00FCAB8B /* cube.gif in Resources */ = {isa = PBXBuildFile; fileRef = E20C81C61E03911B00FCAB8B /* cube.gif */; };
		E20CF9641DF1103000E3081A /* FirebaseStorage.framework in Frameworks */ = {isa = PBXBuildFile; fileRef = E20CF9631DF1103000E3081A /* FirebaseStorage.framework */; };
		E20CF9661DF1170A00E3081A /* FirebaseUIImageCacheExtension.swift in Sources */ = {isa = PBXBuildFile; fileRef = E20CF9651DF1170A00E3081A /* FirebaseUIImageCacheExtension.swift */; };
		E224EFF91E04C2CE00D2FE02 /* CommentCell.swift in Sources */ = {isa = PBXBuildFile; fileRef = E224EFF81E04C2CE00D2FE02 /* CommentCell.swift */; };
		E224EFFB1E04C35000D2FE02 /* Comment.swift in Sources */ = {isa = PBXBuildFile; fileRef = E224EFFA1E04C35000D2FE02 /* Comment.swift */; };
		E229F6841E00C8620014FF81 /* ItemCarouselCell.swift in Sources */ = {isa = PBXBuildFile; fileRef = E229F6831E00C8620014FF81 /* ItemCarouselCell.swift */; };
		E229F6881E00CE340014FF81 /* ItemVC.swift in Sources */ = {isa = PBXBuildFile; fileRef = E229F6871E00CE340014FF81 /* ItemVC.swift */; };
		E229F68A1E00DF7E0014FF81 /* RefreshContents.xib in Resources */ = {isa = PBXBuildFile; fileRef = E229F6891E00DF7E0014FF81 /* RefreshContents.xib */; };
		E229F6901E00E4460014FF81 /* SwiftGif.swift in Sources */ = {isa = PBXBuildFile; fileRef = E229F68F1E00E4450014FF81 /* SwiftGif.swift */; };
		E22BC6791DE50DED00A34C59 /* AppDelegate.swift in Sources */ = {isa = PBXBuildFile; fileRef = E22BC6781DE50DED00A34C59 /* AppDelegate.swift */; };
		E22BC67B1DE50DED00A34C59 /* LogInVC.swift in Sources */ = {isa = PBXBuildFile; fileRef = E22BC67A1DE50DED00A34C59 /* LogInVC.swift */; };
		E22BC67E1DE50DED00A34C59 /* Main.storyboard in Resources */ = {isa = PBXBuildFile; fileRef = E22BC67C1DE50DED00A34C59 /* Main.storyboard */; };
		E22BC6831DE50DED00A34C59 /* LaunchScreen.storyboard in Resources */ = {isa = PBXBuildFile; fileRef = E22BC6811DE50DED00A34C59 /* LaunchScreen.storyboard */; };
		E23152531DEBAD3800797269 /* AddNewItemVC.swift in Sources */ = {isa = PBXBuildFile; fileRef = E23152521DEBAD3800797269 /* AddNewItemVC.swift */; };
		E24E3EEA1E023194006F0276 /* User.swift in Sources */ = {isa = PBXBuildFile; fileRef = E24E3EE91E023194006F0276 /* User.swift */; };
		E24E3EEC1E0233B3006F0276 /* SellerInfoCell.swift in Sources */ = {isa = PBXBuildFile; fileRef = E24E3EEB1E0233B3006F0276 /* SellerInfoCell.swift */; };
		E25662C91E0B189800805010 /* AddBidVC.swift in Sources */ = {isa = PBXBuildFile; fileRef = E25662C81E0B189800805010 /* AddBidVC.swift */; };
		E25662CA1E0B1D2200805010 /* FirebaseDatabase.framework in Frameworks */ = {isa = PBXBuildFile; fileRef = E296A0ED1DE785A400007AC1 /* FirebaseDatabase.framework */; };
		E25662CB1E0B1D2200805010 /* FirebaseDatabase.framework in Embed Frameworks */ = {isa = PBXBuildFile; fileRef = E296A0ED1DE785A400007AC1 /* FirebaseDatabase.framework */; settings = {ATTRIBUTES = (CodeSignOnCopy, RemoveHeadersOnCopy, ); }; };
		E25A625A1DF4CFAE00F22E40 /* SwiftMessages.framework in Frameworks */ = {isa = PBXBuildFile; fileRef = E25A62591DF4CFAE00F22E40 /* SwiftMessages.framework */; };
		E25A62611DF4D03A00F22E40 /* FirebaseAnalytics.framework in Frameworks */ = {isa = PBXBuildFile; fileRef = E296A0DB1DE7738C00007AC1 /* FirebaseAnalytics.framework */; };
		E25A62691DF4D03A00F22E40 /* GoogleSymbolUtilities.framework in Frameworks */ = {isa = PBXBuildFile; fileRef = E296A0DF1DE7738C00007AC1 /* GoogleSymbolUtilities.framework */; };
		E25A626B1DF4D03A00F22E40 /* GoogleToolboxForMac.framework in Frameworks */ = {isa = PBXBuildFile; fileRef = E296A0E01DE7738C00007AC1 /* GoogleToolboxForMac.framework */; };
		E25A626F1DF4D03A00F22E40 /* FirebaseAuth.framework in Frameworks */ = {isa = PBXBuildFile; fileRef = E296A0D71DE772C100007AC1 /* FirebaseAuth.framework */; };
		E267D2B71DE67DF3003B3F00 /* IntroVC.swift in Sources */ = {isa = PBXBuildFile; fileRef = E267D2B61DE67DF3003B3F00 /* IntroVC.swift */; };
		E267D2B91DE68D92003B3F00 /* login.mp4 in Resources */ = {isa = PBXBuildFile; fileRef = E267D2B81DE68D92003B3F00 /* login.mp4 */; };
		E267D2C11DE6A989003B3F00 /* Item.swift in Sources */ = {isa = PBXBuildFile; fileRef = E267D2C01DE6A989003B3F00 /* Item.swift */; };
		E267D2C31DE6AB6F003B3F00 /* ItemCell.swift in Sources */ = {isa = PBXBuildFile; fileRef = E267D2C21DE6AB6F003B3F00 /* ItemCell.swift */; };
		E296A0DA1DE772C700007AC1 /* GTMSessionFetcher.framework in Frameworks */ = {isa = PBXBuildFile; fileRef = E296A0D91DE772C700007AC1 /* GTMSessionFetcher.framework */; };
		E296A0E21DE7738C00007AC1 /* FirebaseCore.framework in Frameworks */ = {isa = PBXBuildFile; fileRef = E296A0DC1DE7738C00007AC1 /* FirebaseCore.framework */; };
		E296A0E31DE7738C00007AC1 /* FirebaseInstanceID.framework in Frameworks */ = {isa = PBXBuildFile; fileRef = E296A0DD1DE7738C00007AC1 /* FirebaseInstanceID.framework */; };
		E296A0E41DE7738C00007AC1 /* GoogleInterchangeUtilities.framework in Frameworks */ = {isa = PBXBuildFile; fileRef = E296A0DE1DE7738C00007AC1 /* GoogleInterchangeUtilities.framework */; };
		E296A0E81DE7743600007AC1 /* GoogleService-Info.plist in Resources */ = {isa = PBXBuildFile; fileRef = E296A0E71DE7743600007AC1 /* GoogleService-Info.plist */; };
		E296A0EC1DE77B1300007AC1 /* NewAccountVC.swift in Sources */ = {isa = PBXBuildFile; fileRef = E296A0EB1DE77B1300007AC1 /* NewAccountVC.swift */; };
		E296A1001DE7B02D00007AC1 /* TPKeyboardAvoidingScrollView.m in Sources */ = {isa = PBXBuildFile; fileRef = E296A0FF1DE7B02D00007AC1 /* TPKeyboardAvoidingScrollView.m */; };
		E296A1031DE7B0D000007AC1 /* UIScrollView+TPKeyboardAvoidingAdditions.m in Sources */ = {isa = PBXBuildFile; fileRef = E296A1021DE7B0D000007AC1 /* UIScrollView+TPKeyboardAvoidingAdditions.m */; };
		E29F885D1E021466000C1F21 /* ActionCell.swift in Sources */ = {isa = PBXBuildFile; fileRef = E29F885C1E021466000C1F21 /* ActionCell.swift */; };
		E29F885F1E021774000C1F21 /* BubbleTransition.swift in Sources */ = {isa = PBXBuildFile; fileRef = E29F885E1E021774000C1F21 /* BubbleTransition.swift */; };
		E2A67B3D1E15AC7200E3CC5A /* ImagePicker.framework in Frameworks */ = {isa = PBXBuildFile; fileRef = E2E9D53D1E15AC3B00A8D92C /* ImagePicker.framework */; };
		E2A67B3E1E15AC7200E3CC5A /* ImagePicker.framework in Embed Frameworks */ = {isa = PBXBuildFile; fileRef = E2E9D53D1E15AC3B00A8D92C /* ImagePicker.framework */; settings = {ATTRIBUTES = (CodeSignOnCopy, RemoveHeadersOnCopy, ); }; };
		E2A67B3F1E15AC7200E3CC5A /* SwiftMessages.framework in Frameworks */ = {isa = PBXBuildFile; fileRef = E2E9D53E1E15AC3B00A8D92C /* SwiftMessages.framework */; };
		E2A67B401E15AC7200E3CC5A /* SwiftMessages.framework in Embed Frameworks */ = {isa = PBXBuildFile; fileRef = E2E9D53E1E15AC3B00A8D92C /* SwiftMessages.framework */; settings = {ATTRIBUTES = (CodeSignOnCopy, RemoveHeadersOnCopy, ); }; };
		E2CC1A251E16EF12006D0689 /* UserSettingsVC.swift in Sources */ = {isa = PBXBuildFile; fileRef = E2CC1A241E16EF12006D0689 /* UserSettingsVC.swift */; };
		E2CFE41A1E01D4D30000F4FF /* ItemInfoCell.swift in Sources */ = {isa = PBXBuildFile; fileRef = E2CFE4191E01D4D30000F4FF /* ItemInfoCell.swift */; };
		E2E4A1B81E0B4F8600354971 /* OwnerActionsCell.swift in Sources */ = {isa = PBXBuildFile; fileRef = E2E4A1B71E0B4F8600354971 /* OwnerActionsCell.swift */; };
		E2E4A1BA1E0B527D00354971 /* BidVC.swift in Sources */ = {isa = PBXBuildFile; fileRef = E2E4A1B91E0B527D00354971 /* BidVC.swift */; };
		E2E4A1BC1E0B683000354971 /* BidCell.swift in Sources */ = {isa = PBXBuildFile; fileRef = E2E4A1BB1E0B683000354971 /* BidCell.swift */; };
		E2E4A1C01E0B70F000354971 /* Bid.swift in Sources */ = {isa = PBXBuildFile; fileRef = E2E4A1BF1E0B70F000354971 /* Bid.swift */; };
		E2E9D53F1E15AC3B00A8D92C /* ImagePicker.framework in Frameworks */ = {isa = PBXBuildFile; fileRef = E2E9D53D1E15AC3B00A8D92C /* ImagePicker.framework */; };
		E2EA0F0F1DE7B2CE0032048D /* AuctionVC.swift in Sources */ = {isa = PBXBuildFile; fileRef = E2EA0F0E1DE7B2CE0032048D /* AuctionVC.swift */; };
		E2EFE7711DE75304002E8003 /* Assets.xcassets in Resources */ = {isa = PBXBuildFile; fileRef = E2EFE76F1DE752FB002E8003 /* Assets.xcassets */; };
/* End PBXBuildFile section */

/* Begin PBXCopyFilesBuildPhase section */
		E2EA79501DEBDE4F007128E2 /* Embed Frameworks */ = {
			isa = PBXCopyFilesBuildPhase;
			buildActionMask = 2147483647;
			dstPath = "";
			dstSubfolderSpec = 10;
			files = (
				E2A67B3E1E15AC7200E3CC5A /* ImagePicker.framework in Embed Frameworks */,
				E25662CB1E0B1D2200805010 /* FirebaseDatabase.framework in Embed Frameworks */,
				E2A67B401E15AC7200E3CC5A /* SwiftMessages.framework in Embed Frameworks */,
			);
			name = "Embed Frameworks";
			runOnlyForDeploymentPostprocessing = 0;
		};
/* End PBXCopyFilesBuildPhase section */

/* Begin PBXFileReference section */
		E20C81C61E03911B00FCAB8B /* cube.gif */ = {isa = PBXFileReference; lastKnownFileType = image.gif; path = cube.gif; sourceTree = "<group>"; };
		E20CF9611DF1102200E3081A /* FirebaseStorage.framework */ = {isa = PBXFileReference; lastKnownFileType = wrapper.framework; name = FirebaseStorage.framework; path = ../../../../Downloads/Firebase/Storage/FirebaseStorage.framework; sourceTree = "<group>"; };
		E20CF9631DF1103000E3081A /* FirebaseStorage.framework */ = {isa = PBXFileReference; lastKnownFileType = wrapper.framework; name = FirebaseStorage.framework; path = ../../../../../Downloads/Firebase/Storage/FirebaseStorage.framework; sourceTree = "<group>"; };
		E20CF9651DF1170A00E3081A /* FirebaseUIImageCacheExtension.swift */ = {isa = PBXFileReference; fileEncoding = 4; lastKnownFileType = sourcecode.swift; path = FirebaseUIImageCacheExtension.swift; sourceTree = "<group>"; };
		E224EFF81E04C2CE00D2FE02 /* CommentCell.swift */ = {isa = PBXFileReference; fileEncoding = 4; lastKnownFileType = sourcecode.swift; path = CommentCell.swift; sourceTree = "<group>"; };
		E224EFFA1E04C35000D2FE02 /* Comment.swift */ = {isa = PBXFileReference; fileEncoding = 4; lastKnownFileType = sourcecode.swift; path = Comment.swift; sourceTree = "<group>"; };
		E229F6831E00C8620014FF81 /* ItemCarouselCell.swift */ = {isa = PBXFileReference; fileEncoding = 4; lastKnownFileType = sourcecode.swift; path = ItemCarouselCell.swift; sourceTree = "<group>"; };
		E229F6871E00CE340014FF81 /* ItemVC.swift */ = {isa = PBXFileReference; fileEncoding = 4; lastKnownFileType = sourcecode.swift; path = ItemVC.swift; sourceTree = "<group>"; };
		E229F6891E00DF7E0014FF81 /* RefreshContents.xib */ = {isa = PBXFileReference; fileEncoding = 4; lastKnownFileType = file.xib; path = RefreshContents.xib; sourceTree = "<group>"; };
		E229F68F1E00E4450014FF81 /* SwiftGif.swift */ = {isa = PBXFileReference; fileEncoding = 4; lastKnownFileType = sourcecode.swift; path = SwiftGif.swift; sourceTree = "<group>"; };
		E22BC6751DE50DED00A34C59 /* Agora.app */ = {isa = PBXFileReference; explicitFileType = wrapper.application; includeInIndex = 0; path = Agora.app; sourceTree = BUILT_PRODUCTS_DIR; };
		E22BC6781DE50DED00A34C59 /* AppDelegate.swift */ = {isa = PBXFileReference; lastKnownFileType = sourcecode.swift; path = AppDelegate.swift; sourceTree = "<group>"; };
		E22BC67A1DE50DED00A34C59 /* LogInVC.swift */ = {isa = PBXFileReference; lastKnownFileType = sourcecode.swift; path = LogInVC.swift; sourceTree = "<group>"; };
		E22BC67D1DE50DED00A34C59 /* Base */ = {isa = PBXFileReference; lastKnownFileType = file.storyboard; name = Base; path = Base.lproj/Main.storyboard; sourceTree = "<group>"; };
		E22BC6821DE50DED00A34C59 /* Base */ = {isa = PBXFileReference; lastKnownFileType = file.storyboard; name = Base; path = Base.lproj/LaunchScreen.storyboard; sourceTree = "<group>"; };
		E22BC6841DE50DED00A34C59 /* Info.plist */ = {isa = PBXFileReference; lastKnownFileType = text.plist.xml; path = Info.plist; sourceTree = "<group>"; };
		E23152521DEBAD3800797269 /* AddNewItemVC.swift */ = {isa = PBXFileReference; fileEncoding = 4; lastKnownFileType = sourcecode.swift; path = AddNewItemVC.swift; sourceTree = "<group>"; };
		E24E3EE91E023194006F0276 /* User.swift */ = {isa = PBXFileReference; fileEncoding = 4; lastKnownFileType = sourcecode.swift; path = User.swift; sourceTree = "<group>"; };
		E24E3EEB1E0233B3006F0276 /* SellerInfoCell.swift */ = {isa = PBXFileReference; fileEncoding = 4; lastKnownFileType = sourcecode.swift; path = SellerInfoCell.swift; sourceTree = "<group>"; };
		E25662C81E0B189800805010 /* AddBidVC.swift */ = {isa = PBXFileReference; fileEncoding = 4; lastKnownFileType = sourcecode.swift; path = AddBidVC.swift; sourceTree = "<group>"; };
		E25A62591DF4CFAE00F22E40 /* SwiftMessages.framework */ = {isa = PBXFileReference; lastKnownFileType = wrapper.framework; name = SwiftMessages.framework; path = /Users/varunshenoy/Desktop/Projects/Apps/Agora/Agora/SwiftMessages.framework; sourceTree = "<absolute>"; };
		E267D2B61DE67DF3003B3F00 /* IntroVC.swift */ = {isa = PBXFileReference; fileEncoding = 4; lastKnownFileType = sourcecode.swift; path = IntroVC.swift; sourceTree = "<group>"; };
		E267D2B81DE68D92003B3F00 /* login.mp4 */ = {isa = PBXFileReference; lastKnownFileType = file; path = login.mp4; sourceTree = "<group>"; };
		E267D2C01DE6A989003B3F00 /* Item.swift */ = {isa = PBXFileReference; fileEncoding = 4; lastKnownFileType = sourcecode.swift; path = Item.swift; sourceTree = "<group>"; };
		E267D2C21DE6AB6F003B3F00 /* ItemCell.swift */ = {isa = PBXFileReference; fileEncoding = 4; lastKnownFileType = sourcecode.swift; path = ItemCell.swift; sourceTree = "<group>"; };
		E296A0D21DE7727F00007AC1 /* Firebase.h */ = {isa = PBXFileReference; fileEncoding = 4; lastKnownFileType = sourcecode.c.h; path = Firebase.h; sourceTree = "<group>"; };
		E296A0D31DE7728500007AC1 /* module.modulemap */ = {isa = PBXFileReference; fileEncoding = 4; lastKnownFileType = "sourcecode.module-map"; path = module.modulemap; sourceTree = "<group>"; };
		E296A0D71DE772C100007AC1 /* FirebaseAuth.framework */ = {isa = PBXFileReference; lastKnownFileType = wrapper.framework; path = FirebaseAuth.framework; sourceTree = "<group>"; };
		E296A0D91DE772C700007AC1 /* GTMSessionFetcher.framework */ = {isa = PBXFileReference; lastKnownFileType = wrapper.framework; path = GTMSessionFetcher.framework; sourceTree = "<group>"; };
		E296A0DB1DE7738C00007AC1 /* FirebaseAnalytics.framework */ = {isa = PBXFileReference; lastKnownFileType = wrapper.framework; path = FirebaseAnalytics.framework; sourceTree = "<group>"; };
		E296A0DC1DE7738C00007AC1 /* FirebaseCore.framework */ = {isa = PBXFileReference; lastKnownFileType = wrapper.framework; path = FirebaseCore.framework; sourceTree = "<group>"; };
		E296A0DD1DE7738C00007AC1 /* FirebaseInstanceID.framework */ = {isa = PBXFileReference; lastKnownFileType = wrapper.framework; path = FirebaseInstanceID.framework; sourceTree = "<group>"; };
		E296A0DE1DE7738C00007AC1 /* GoogleInterchangeUtilities.framework */ = {isa = PBXFileReference; lastKnownFileType = wrapper.framework; path = GoogleInterchangeUtilities.framework; sourceTree = "<group>"; };
		E296A0DF1DE7738C00007AC1 /* GoogleSymbolUtilities.framework */ = {isa = PBXFileReference; lastKnownFileType = wrapper.framework; path = GoogleSymbolUtilities.framework; sourceTree = "<group>"; };
		E296A0E01DE7738C00007AC1 /* GoogleToolboxForMac.framework */ = {isa = PBXFileReference; lastKnownFileType = wrapper.framework; path = GoogleToolboxForMac.framework; sourceTree = "<group>"; };
		E296A0E71DE7743600007AC1 /* GoogleService-Info.plist */ = {isa = PBXFileReference; fileEncoding = 4; lastKnownFileType = text.plist.xml; path = "GoogleService-Info.plist"; sourceTree = "<group>"; };
		E296A0EB1DE77B1300007AC1 /* NewAccountVC.swift */ = {isa = PBXFileReference; fileEncoding = 4; lastKnownFileType = sourcecode.swift; path = NewAccountVC.swift; sourceTree = "<group>"; };
		E296A0ED1DE785A400007AC1 /* FirebaseDatabase.framework */ = {isa = PBXFileReference; lastKnownFileType = wrapper.framework; path = FirebaseDatabase.framework; sourceTree = "<group>"; };
		E296A0FE1DE7B02D00007AC1 /* TPKeyboardAvoidingScrollView.h */ = {isa = PBXFileReference; fileEncoding = 4; lastKnownFileType = sourcecode.c.h; path = TPKeyboardAvoidingScrollView.h; sourceTree = "<group>"; };
		E296A0FF1DE7B02D00007AC1 /* TPKeyboardAvoidingScrollView.m */ = {isa = PBXFileReference; fileEncoding = 4; lastKnownFileType = sourcecode.c.objc; path = TPKeyboardAvoidingScrollView.m; sourceTree = "<group>"; };
		E296A1011DE7B0D000007AC1 /* UIScrollView+TPKeyboardAvoidingAdditions.h */ = {isa = PBXFileReference; fileEncoding = 4; lastKnownFileType = sourcecode.c.h; path = "UIScrollView+TPKeyboardAvoidingAdditions.h"; sourceTree = "<group>"; };
		E296A1021DE7B0D000007AC1 /* UIScrollView+TPKeyboardAvoidingAdditions.m */ = {isa = PBXFileReference; fileEncoding = 4; lastKnownFileType = sourcecode.c.objc; path = "UIScrollView+TPKeyboardAvoidingAdditions.m"; sourceTree = "<group>"; };
		E29F885C1E021466000C1F21 /* ActionCell.swift */ = {isa = PBXFileReference; fileEncoding = 4; lastKnownFileType = sourcecode.swift; path = ActionCell.swift; sourceTree = "<group>"; };
		E29F885E1E021774000C1F21 /* BubbleTransition.swift */ = {isa = PBXFileReference; fileEncoding = 4; lastKnownFileType = sourcecode.swift; path = BubbleTransition.swift; sourceTree = "<group>"; };
		E2CC1A241E16EF12006D0689 /* UserSettingsVC.swift */ = {isa = PBXFileReference; fileEncoding = 4; lastKnownFileType = sourcecode.swift; path = UserSettingsVC.swift; sourceTree = "<group>"; };
		E2CFE4191E01D4D30000F4FF /* ItemInfoCell.swift */ = {isa = PBXFileReference; fileEncoding = 4; lastKnownFileType = sourcecode.swift; path = ItemInfoCell.swift; sourceTree = "<group>"; };
		E2E4A1B71E0B4F8600354971 /* OwnerActionsCell.swift */ = {isa = PBXFileReference; fileEncoding = 4; lastKnownFileType = sourcecode.swift; path = OwnerActionsCell.swift; sourceTree = "<group>"; };
		E2E4A1B91E0B527D00354971 /* BidVC.swift */ = {isa = PBXFileReference; fileEncoding = 4; lastKnownFileType = sourcecode.swift; path = BidVC.swift; sourceTree = "<group>"; };
		E2E4A1BB1E0B683000354971 /* BidCell.swift */ = {isa = PBXFileReference; fileEncoding = 4; lastKnownFileType = sourcecode.swift; path = BidCell.swift; sourceTree = "<group>"; };
		E2E4A1BF1E0B70F000354971 /* Bid.swift */ = {isa = PBXFileReference; fileEncoding = 4; lastKnownFileType = sourcecode.swift; path = Bid.swift; sourceTree = "<group>"; };
		E2E9D53D1E15AC3B00A8D92C /* ImagePicker.framework */ = {isa = PBXFileReference; lastKnownFileType = wrapper.framework; path = ImagePicker.framework; sourceTree = "<group>"; };
		E2E9D53E1E15AC3B00A8D92C /* SwiftMessages.framework */ = {isa = PBXFileReference; lastKnownFileType = wrapper.framework; path = SwiftMessages.framework; sourceTree = "<group>"; };
		E2EA0F0E1DE7B2CE0032048D /* AuctionVC.swift */ = {isa = PBXFileReference; fileEncoding = 4; lastKnownFileType = sourcecode.swift; path = AuctionVC.swift; sourceTree = "<group>"; };
		E2EFE76F1DE752FB002E8003 /* Assets.xcassets */ = {isa = PBXFileReference; lastKnownFileType = folder.assetcatalog; path = Assets.xcassets; sourceTree = "<group>"; };
/* End PBXFileReference section */

/* Begin PBXFrameworksBuildPhase section */
		E22BC6721DE50DED00A34C59 /* Frameworks */ = {
			isa = PBXFrameworksBuildPhase;
			buildActionMask = 2147483647;
			files = (
				E25662CA1E0B1D2200805010 /* FirebaseDatabase.framework in Frameworks */,
				E2A67B3D1E15AC7200E3CC5A /* ImagePicker.framework in Frameworks */,
				E25A626B1DF4D03A00F22E40 /* GoogleToolboxForMac.framework in Frameworks */,
				E25A62611DF4D03A00F22E40 /* FirebaseAnalytics.framework in Frameworks */,
				E2A67B3F1E15AC7200E3CC5A /* SwiftMessages.framework in Frameworks */,
				E25A62691DF4D03A00F22E40 /* GoogleSymbolUtilities.framework in Frameworks */,
				E296A0E21DE7738C00007AC1 /* FirebaseCore.framework in Frameworks */,
				E296A0DA1DE772C700007AC1 /* GTMSessionFetcher.framework in Frameworks */,
				E296A0E31DE7738C00007AC1 /* FirebaseInstanceID.framework in Frameworks */,
				E296A0E41DE7738C00007AC1 /* GoogleInterchangeUtilities.framework in Frameworks */,
				E20CF9641DF1103000E3081A /* FirebaseStorage.framework in Frameworks */,
				E25A625A1DF4CFAE00F22E40 /* SwiftMessages.framework in Frameworks */,
				E2E9D53F1E15AC3B00A8D92C /* ImagePicker.framework in Frameworks */,
				E25A626F1DF4D03A00F22E40 /* FirebaseAuth.framework in Frameworks */,
			);
			runOnlyForDeploymentPostprocessing = 0;
		};
/* End PBXFrameworksBuildPhase section */

/* Begin PBXGroup section */
		E20CF9601DF1102100E3081A /* Frameworks */ = {
			isa = PBXGroup;
			children = (
				E20CF9611DF1102200E3081A /* FirebaseStorage.framework */,
			);
			name = Frameworks;
			sourceTree = "<group>";
		};
		E22BC66C1DE50DED00A34C59 = {
			isa = PBXGroup;
			children = (
				E22BC6771DE50DED00A34C59 /* Agora */,
				E22BC6761DE50DED00A34C59 /* Products */,
				E20CF9601DF1102100E3081A /* Frameworks */,
			);
			sourceTree = "<group>";
		};
		E22BC6761DE50DED00A34C59 /* Products */ = {
			isa = PBXGroup;
			children = (
				E22BC6751DE50DED00A34C59 /* Agora.app */,
			);
			name = Products;
			sourceTree = "<group>";
		};
		E22BC6771DE50DED00A34C59 /* Agora */ = {
			isa = PBXGroup;
			children = (
				E2EA0F111DE7B3A60032048D /* Frameworks */,
				E2EFE7681DE75118002E8003 /* Controller */,
				E2EFE7671DE75114002E8003 /* View */,
				E2EFE7661DE7510C002E8003 /* Modal */,
				E267D2B81DE68D92003B3F00 /* login.mp4 */,
				E20C81C61E03911B00FCAB8B /* cube.gif */,
				E2EFE76F1DE752FB002E8003 /* Assets.xcassets */,
				E22BC67C1DE50DED00A34C59 /* Main.storyboard */,
				E22BC6811DE50DED00A34C59 /* LaunchScreen.storyboard */,
				E22BC6841DE50DED00A34C59 /* Info.plist */,
				E296A0E71DE7743600007AC1 /* GoogleService-Info.plist */,
			);
			path = Agora;
			sourceTree = "<group>";
		};
		E296A0D41DE772A400007AC1 /* Firebase */ = {
			isa = PBXGroup;
			children = (
				E296A0D21DE7727F00007AC1 /* Firebase.h */,
				E296A0D31DE7728500007AC1 /* module.modulemap */,
				E20CF9631DF1103000E3081A /* FirebaseStorage.framework */,
				E296A0ED1DE785A400007AC1 /* FirebaseDatabase.framework */,
				E296A0DB1DE7738C00007AC1 /* FirebaseAnalytics.framework */,
				E296A0DC1DE7738C00007AC1 /* FirebaseCore.framework */,
				E296A0DD1DE7738C00007AC1 /* FirebaseInstanceID.framework */,
				E296A0DE1DE7738C00007AC1 /* GoogleInterchangeUtilities.framework */,
				E296A0DF1DE7738C00007AC1 /* GoogleSymbolUtilities.framework */,
				E296A0E01DE7738C00007AC1 /* GoogleToolboxForMac.framework */,
				E296A0D91DE772C700007AC1 /* GTMSessionFetcher.framework */,
				E296A0D71DE772C100007AC1 /* FirebaseAuth.framework */,
			);
			name = Firebase;
			sourceTree = "<group>";
		};
		E2EA0F101DE7B2E00032048D /* TPKeyboardAvoiding */ = {
			isa = PBXGroup;
			children = (
				E296A1011DE7B0D000007AC1 /* UIScrollView+TPKeyboardAvoidingAdditions.h */,
				E296A1021DE7B0D000007AC1 /* UIScrollView+TPKeyboardAvoidingAdditions.m */,
				E296A0FE1DE7B02D00007AC1 /* TPKeyboardAvoidingScrollView.h */,
				E296A0FF1DE7B02D00007AC1 /* TPKeyboardAvoidingScrollView.m */,
			);
			name = TPKeyboardAvoiding;
			sourceTree = "<group>";
		};
		E2EA0F111DE7B3A60032048D /* Frameworks */ = {
			isa = PBXGroup;
			children = (
				E229F68F1E00E4450014FF81 /* SwiftGif.swift */,
				E2E9D53D1E15AC3B00A8D92C /* ImagePicker.framework */,
				E2E9D53E1E15AC3B00A8D92C /* SwiftMessages.framework */,
				E2EA0F101DE7B2E00032048D /* TPKeyboardAvoiding */,
				E296A0D41DE772A400007AC1 /* Firebase */,
			);
			name = Frameworks;
			sourceTree = "<group>";
		};
		E2EFE7661DE7510C002E8003 /* Modal */ = {
			isa = PBXGroup;
			children = (
				E267D2C01DE6A989003B3F00 /* Item.swift */,
				E22BC6781DE50DED00A34C59 /* AppDelegate.swift */,
				E20CF9651DF1170A00E3081A /* FirebaseUIImageCacheExtension.swift */,
				E24E3EE91E023194006F0276 /* User.swift */,
				E224EFFA1E04C35000D2FE02 /* Comment.swift */,
				E2E4A1BF1E0B70F000354971 /* Bid.swift */,
			);
			name = Modal;
			sourceTree = "<group>";
		};
		E2EFE7671DE75114002E8003 /* View */ = {
			isa = PBXGroup;
			children = (
				E229F6891E00DF7E0014FF81 /* RefreshContents.xib */,
				E267D2C21DE6AB6F003B3F00 /* ItemCell.swift */,
				E229F6831E00C8620014FF81 /* ItemCarouselCell.swift */,
				E2CFE4191E01D4D30000F4FF /* ItemInfoCell.swift */,
				E29F885C1E021466000C1F21 /* ActionCell.swift */,
				E29F885E1E021774000C1F21 /* BubbleTransition.swift */,
				E24E3EEB1E0233B3006F0276 /* SellerInfoCell.swift */,
				E224EFF81E04C2CE00D2FE02 /* CommentCell.swift */,
				E2E4A1B71E0B4F8600354971 /* OwnerActionsCell.swift */,
				E2E4A1BB1E0B683000354971 /* BidCell.swift */,
			);
			name = View;
			sourceTree = "<group>";
		};
		E2EFE7681DE75118002E8003 /* Controller */ = {
			isa = PBXGroup;
			children = (
				E23152521DEBAD3800797269 /* AddNewItemVC.swift */,
				E267D2B61DE67DF3003B3F00 /* IntroVC.swift */,
				E22BC67A1DE50DED00A34C59 /* LogInVC.swift */,
				E296A0EB1DE77B1300007AC1 /* NewAccountVC.swift */,
				E2EA0F0E1DE7B2CE0032048D /* AuctionVC.swift */,
				E229F6871E00CE340014FF81 /* ItemVC.swift */,
				E25662C81E0B189800805010 /* AddBidVC.swift */,
				E2E4A1B91E0B527D00354971 /* BidVC.swift */,
				E2CC1A241E16EF12006D0689 /* UserSettingsVC.swift */,
			);
			name = Controller;
			sourceTree = "<group>";
		};
/* End PBXGroup section */

/* Begin PBXNativeTarget section */
		E22BC6741DE50DED00A34C59 /* Agora */ = {
			isa = PBXNativeTarget;
			buildConfigurationList = E22BC6871DE50DED00A34C59 /* Build configuration list for PBXNativeTarget "Agora" */;
			buildPhases = (
				E22BC6711DE50DED00A34C59 /* Sources */,
				E22BC6721DE50DED00A34C59 /* Frameworks */,
				E22BC6731DE50DED00A34C59 /* Resources */,
				E2EA79501DEBDE4F007128E2 /* Embed Frameworks */,
			);
			buildRules = (
			);
			dependencies = (
			);
			name = Agora;
			productName = Agora;
			productReference = E22BC6751DE50DED00A34C59 /* Agora.app */;
			productType = "com.apple.product-type.application";
		};
/* End PBXNativeTarget section */

/* Begin PBXProject section */
		E22BC66D1DE50DED00A34C59 /* Project object */ = {
			isa = PBXProject;
			attributes = {
				LastSwiftUpdateCheck = 0800;
				LastUpgradeCheck = 0820;
				ORGANIZATIONNAME = "Varun Shenoy";
				TargetAttributes = {
					E22BC6741DE50DED00A34C59 = {
						CreatedOnToolsVersion = 8.0;
						DevelopmentTeam = 5CYVWZB8Z8;
						LastSwiftMigration = 0800;
						ProvisioningStyle = Automatic;
					};
				};
			};
			buildConfigurationList = E22BC6701DE50DED00A34C59 /* Build configuration list for PBXProject "Agora" */;
			compatibilityVersion = "Xcode 3.2";
			developmentRegion = English;
			hasScannedForEncodings = 0;
			knownRegions = (
				en,
				Base,
			);
			mainGroup = E22BC66C1DE50DED00A34C59;
			productRefGroup = E22BC6761DE50DED00A34C59 /* Products */;
			projectDirPath = "";
			projectRoot = "";
			targets = (
				E22BC6741DE50DED00A34C59 /* Agora */,
			);
		};
/* End PBXProject section */

/* Begin PBXResourcesBuildPhase section */
		E22BC6731DE50DED00A34C59 /* Resources */ = {
			isa = PBXResourcesBuildPhase;
			buildActionMask = 2147483647;
			files = (
				E267D2B91DE68D92003B3F00 /* login.mp4 in Resources */,
				E2EFE7711DE75304002E8003 /* Assets.xcassets in Resources */,
				E296A0E81DE7743600007AC1 /* GoogleService-Info.plist in Resources */,
				E20C81C71E03911B00FCAB8B /* cube.gif in Resources */,
				E22BC6831DE50DED00A34C59 /* LaunchScreen.storyboard in Resources */,
				E22BC67E1DE50DED00A34C59 /* Main.storyboard in Resources */,
				E229F68A1E00DF7E0014FF81 /* RefreshContents.xib in Resources */,
			);
			runOnlyForDeploymentPostprocessing = 0;
		};
/* End PBXResourcesBuildPhase section */

/* Begin PBXSourcesBuildPhase section */
		E22BC6711DE50DED00A34C59 /* Sources */ = {
			isa = PBXSourcesBuildPhase;
			buildActionMask = 2147483647;
			files = (
				E23152531DEBAD3800797269 /* AddNewItemVC.swift in Sources */,
				E20CF9661DF1170A00E3081A /* FirebaseUIImageCacheExtension.swift in Sources */,
				E229F6881E00CE340014FF81 /* ItemVC.swift in Sources */,
				E29F885F1E021774000C1F21 /* BubbleTransition.swift in Sources */,
				E2EA0F0F1DE7B2CE0032048D /* AuctionVC.swift in Sources */,
				E267D2C11DE6A989003B3F00 /* Item.swift in Sources */,
				E296A1001DE7B02D00007AC1 /* TPKeyboardAvoidingScrollView.m in Sources */,
				E2E4A1C01E0B70F000354971 /* Bid.swift in Sources */,
				E2E4A1B81E0B4F8600354971 /* OwnerActionsCell.swift in Sources */,
				E22BC67B1DE50DED00A34C59 /* LogInVC.swift in Sources */,
				E2CFE41A1E01D4D30000F4FF /* ItemInfoCell.swift in Sources */,
				E229F6841E00C8620014FF81 /* ItemCarouselCell.swift in Sources */,
				E2E4A1BC1E0B683000354971 /* BidCell.swift in Sources */,
				E224EFFB1E04C35000D2FE02 /* Comment.swift in Sources */,
				E24E3EEC1E0233B3006F0276 /* SellerInfoCell.swift in Sources */,
				E29F885D1E021466000C1F21 /* ActionCell.swift in Sources */,
				E229F6901E00E4460014FF81 /* SwiftGif.swift in Sources */,
				E25662C91E0B189800805010 /* AddBidVC.swift in Sources */,
				E2CC1A251E16EF12006D0689 /* UserSettingsVC.swift in Sources */,
				E296A1031DE7B0D000007AC1 /* UIScrollView+TPKeyboardAvoidingAdditions.m in Sources */,
				E267D2C31DE6AB6F003B3F00 /* ItemCell.swift in Sources */,
				E224EFF91E04C2CE00D2FE02 /* CommentCell.swift in Sources */,
				E24E3EEA1E023194006F0276 /* User.swift in Sources */,
				E22BC6791DE50DED00A34C59 /* AppDelegate.swift in Sources */,
				E267D2B71DE67DF3003B3F00 /* IntroVC.swift in Sources */,
				E2E4A1BA1E0B527D00354971 /* BidVC.swift in Sources */,
				E296A0EC1DE77B1300007AC1 /* NewAccountVC.swift in Sources */,
			);
			runOnlyForDeploymentPostprocessing = 0;
		};
/* End PBXSourcesBuildPhase section */

/* Begin PBXVariantGroup section */
		E22BC67C1DE50DED00A34C59 /* Main.storyboard */ = {
			isa = PBXVariantGroup;
			children = (
				E22BC67D1DE50DED00A34C59 /* Base */,
			);
			name = Main.storyboard;
			sourceTree = "<group>";
		};
		E22BC6811DE50DED00A34C59 /* LaunchScreen.storyboard */ = {
			isa = PBXVariantGroup;
			children = (
				E22BC6821DE50DED00A34C59 /* Base */,
			);
			name = LaunchScreen.storyboard;
			sourceTree = "<group>";
		};
/* End PBXVariantGroup section */

/* Begin XCBuildConfiguration section */
		E22BC6851DE50DED00A34C59 /* Debug */ = {
			isa = XCBuildConfiguration;
			buildSettings = {
				ALWAYS_SEARCH_USER_PATHS = NO;
				CLANG_ANALYZER_NONNULL = YES;
				CLANG_CXX_LANGUAGE_STANDARD = "gnu++0x";
				CLANG_CXX_LIBRARY = "libc++";
				CLANG_ENABLE_MODULES = YES;
				CLANG_ENABLE_OBJC_ARC = YES;
				CLANG_WARN_BOOL_CONVERSION = YES;
				CLANG_WARN_CONSTANT_CONVERSION = YES;
				CLANG_WARN_DIRECT_OBJC_ISA_USAGE = YES_ERROR;
				CLANG_WARN_DOCUMENTATION_COMMENTS = YES;
				CLANG_WARN_EMPTY_BODY = YES;
				CLANG_WARN_ENUM_CONVERSION = YES;
				CLANG_WARN_INFINITE_RECURSION = YES;
				CLANG_WARN_INT_CONVERSION = YES;
				CLANG_WARN_OBJC_ROOT_CLASS = YES_ERROR;
				CLANG_WARN_SUSPICIOUS_MOVE = YES;
				CLANG_WARN_SUSPICIOUS_MOVES = YES;
				CLANG_WARN_UNREACHABLE_CODE = YES;
				CLANG_WARN__DUPLICATE_METHOD_MATCH = YES;
				"CODE_SIGN_IDENTITY[sdk=iphoneos*]" = "iPhone Developer";
				COPY_PHASE_STRIP = NO;
				DEBUG_INFORMATION_FORMAT = dwarf;
				ENABLE_STRICT_OBJC_MSGSEND = YES;
				ENABLE_TESTABILITY = YES;
				GCC_C_LANGUAGE_STANDARD = gnu99;
				GCC_DYNAMIC_NO_PIC = NO;
				GCC_NO_COMMON_BLOCKS = YES;
				GCC_OPTIMIZATION_LEVEL = 0;
				GCC_PREPROCESSOR_DEFINITIONS = (
					"DEBUG=1",
					"$(inherited)",
				);
				GCC_WARN_64_TO_32_BIT_CONVERSION = YES;
				GCC_WARN_ABOUT_RETURN_TYPE = YES_ERROR;
				GCC_WARN_UNDECLARED_SELECTOR = YES;
				GCC_WARN_UNINITIALIZED_AUTOS = YES_AGGRESSIVE;
				GCC_WARN_UNUSED_FUNCTION = YES;
				GCC_WARN_UNUSED_VARIABLE = YES;
				IPHONEOS_DEPLOYMENT_TARGET = 8.0;
				MTL_ENABLE_DEBUG_INFO = YES;
				ONLY_ACTIVE_ARCH = YES;
				SDKROOT = iphoneos;
				SWIFT_ACTIVE_COMPILATION_CONDITIONS = DEBUG;
				SWIFT_OPTIMIZATION_LEVEL = "-Onone";
				TARGETED_DEVICE_FAMILY = "1,2";
			};
			name = Debug;
		};
		E22BC6861DE50DED00A34C59 /* Release */ = {
			isa = XCBuildConfiguration;
			buildSettings = {
				ALWAYS_SEARCH_USER_PATHS = NO;
				CLANG_ANALYZER_NONNULL = YES;
				CLANG_CXX_LANGUAGE_STANDARD = "gnu++0x";
				CLANG_CXX_LIBRARY = "libc++";
				CLANG_ENABLE_MODULES = YES;
				CLANG_ENABLE_OBJC_ARC = YES;
				CLANG_WARN_BOOL_CONVERSION = YES;
				CLANG_WARN_CONSTANT_CONVERSION = YES;
				CLANG_WARN_DIRECT_OBJC_ISA_USAGE = YES_ERROR;
				CLANG_WARN_DOCUMENTATION_COMMENTS = YES;
				CLANG_WARN_EMPTY_BODY = YES;
				CLANG_WARN_ENUM_CONVERSION = YES;
				CLANG_WARN_INFINITE_RECURSION = YES;
				CLANG_WARN_INT_CONVERSION = YES;
				CLANG_WARN_OBJC_ROOT_CLASS = YES_ERROR;
				CLANG_WARN_SUSPICIOUS_MOVE = YES;
				CLANG_WARN_SUSPICIOUS_MOVES = YES;
				CLANG_WARN_UNREACHABLE_CODE = YES;
				CLANG_WARN__DUPLICATE_METHOD_MATCH = YES;
				"CODE_SIGN_IDENTITY[sdk=iphoneos*]" = "iPhone Developer";
				COPY_PHASE_STRIP = NO;
				DEBUG_INFORMATION_FORMAT = "dwarf-with-dsym";
				ENABLE_NS_ASSERTIONS = NO;
				ENABLE_STRICT_OBJC_MSGSEND = YES;
				GCC_C_LANGUAGE_STANDARD = gnu99;
				GCC_NO_COMMON_BLOCKS = YES;
				GCC_WARN_64_TO_32_BIT_CONVERSION = YES;
				GCC_WARN_ABOUT_RETURN_TYPE = YES_ERROR;
				GCC_WARN_UNDECLARED_SELECTOR = YES;
				GCC_WARN_UNINITIALIZED_AUTOS = YES_AGGRESSIVE;
				GCC_WARN_UNUSED_FUNCTION = YES;
				GCC_WARN_UNUSED_VARIABLE = YES;
				IPHONEOS_DEPLOYMENT_TARGET = 8.0;
				MTL_ENABLE_DEBUG_INFO = NO;
				SDKROOT = iphoneos;
				SWIFT_OPTIMIZATION_LEVEL = "-Owholemodule";
				TARGETED_DEVICE_FAMILY = "1,2";
				VALIDATE_PRODUCT = YES;
			};
			name = Release;
		};
		E22BC6881DE50DED00A34C59 /* Debug */ = {
			isa = XCBuildConfiguration;
			buildSettings = {
				ASSETCATALOG_COMPILER_APPICON_NAME = AppIcon;
				CLANG_ENABLE_MODULES = YES;
				DEVELOPMENT_TEAM = 5CYVWZB8Z8;
				FRAMEWORK_SEARCH_PATHS = (
					"$(inherited)",
					"$(PROJECT_DIR)/Agora",
				);
				INFOPLIST_FILE = Agora/Info.plist;
				IPHONEOS_DEPLOYMENT_TARGET = 8;
				LD_RUNPATH_SEARCH_PATHS = "$(inherited) @executable_path/Frameworks";
				OTHER_LDFLAGS = (
					"$(OTHER_LDFLAGS)",
					"-ObjC",
				);
				PRODUCT_BUNDLE_IDENTIFIER = com.varunshenoy.Agora;
				PRODUCT_NAME = "$(TARGET_NAME)";
				SWIFT_OPTIMIZATION_LEVEL = "-Onone";
				SWIFT_VERSION = 3.0;
				USER_HEADER_SEARCH_PATHS = "$(SRCROOT)";
			};
			name = Debug;
		};
		E22BC6891DE50DED00A34C59 /* Release */ = {
			isa = XCBuildConfiguration;
			buildSettings = {
				ASSETCATALOG_COMPILER_APPICON_NAME = AppIcon;
				CLANG_ENABLE_MODULES = YES;
				DEVELOPMENT_TEAM = 5CYVWZB8Z8;
				FRAMEWORK_SEARCH_PATHS = (
					"$(inherited)",
					"$(PROJECT_DIR)/Agora",
				);
				INFOPLIST_FILE = Agora/Info.plist;
				IPHONEOS_DEPLOYMENT_TARGET = 8;
				LD_RUNPATH_SEARCH_PATHS = "$(inherited) @executable_path/Frameworks";
				OTHER_LDFLAGS = (
					"$(OTHER_LDFLAGS)",
					"-ObjC",
				);
				PRODUCT_BUNDLE_IDENTIFIER = com.varunshenoy.Agora;
				PRODUCT_NAME = "$(TARGET_NAME)";
				SWIFT_VERSION = 3.0;
				USER_HEADER_SEARCH_PATHS = "$(SRCROOT)";
			};
			name = Release;
		};
/* End XCBuildConfiguration section */

/* Begin XCConfigurationList section */
		E22BC6701DE50DED00A34C59 /* Build configuration list for PBXProject "Agora" */ = {
			isa = XCConfigurationList;
			buildConfigurations = (
				E22BC6851DE50DED00A34C59 /* Debug */,
				E22BC6861DE50DED00A34C59 /* Release */,
			);
			defaultConfigurationIsVisible = 0;
			defaultConfigurationName = Release;
		};
		E22BC6871DE50DED00A34C59 /* Build configuration list for PBXNativeTarget "Agora" */ = {
			isa = XCConfigurationList;
			buildConfigurations = (
				E22BC6881DE50DED00A34C59 /* Debug */,
				E22BC6891DE50DED00A34C59 /* Release */,
			);
			defaultConfigurationIsVisible = 0;
			defaultConfigurationName = Release;
		};
/* End XCConfigurationList section */
	};
	rootObject = E22BC66D1DE50DED00A34C59 /* Project object */;
}
